# This file is autogenerated, do not edit; changes may be undone by the next 'dep ensure'.


[[projects]]
  branch = "master"
  name = "github.com/kazarena/json-gold"
  packages = ["ld"]
  revision = "ef687b2d9c3e50da2a842bc199e2364b1f0f4da6"

[solve-meta]
  analyzer-name = "dep"
  analyzer-version = 1
  inputs-digest = "e233cc7925d1cc5dccd59559545926d15d7e119e42d99dfa797466460441a75f"
  solver-name = "gps-cdcl"
  solver-version = 1
